
Microsoft Visual Studio Solution File, Format Version 12.00
# Visual Studio 2012
Project("{FAE04EC0-301F-11D3-BF4B-00C04F79EFBC}") = "ToDo", "ToDo\ToDo.csproj", "{D5C79633-0BD2-4642-9B25-D01B4263434B}"
EndProject
Project("{FAE04EC0-301F-11D3-BF4B-00C04F79EFBC}") = "ToDo.Tests", "ToDo.Tests\ToDo.Tests.csproj", "{BF4AF4CA-35D0-4750-9B93-76D060996F33}"
EndProject
Global
	GlobalSection(SolutionConfigurationPlatforms) = preSolution
		Debug|Any CPU = Debug|Any CPU
		Release|Any CPU = Release|Any CPU
	EndGlobalSection
	GlobalSection(ProjectConfigurationPlatforms) = postSolution
		{D5C79633-0BD2-4642-9B25-D01B4263434B}.Debug|Any CPU.ActiveCfg = Debug|Any CPU
		{D5C79633-0BD2-4642-9B25-D01B4263434B}.Debug|Any CPU.Build.0 = Debug|Any CPU
		{D5C79633-0BD2-4642-9B25-D01B4263434B}.Release|Any CPU.ActiveCfg = Release|Any CPU
		{D5C79633-0BD2-4642-9B25-D01B4263434B}.Release|Any CPU.Build.0 = Release|Any CPU
		{BF4AF4CA-35D0-4750-9B93-76D060996F33}.Debug|Any CPU.ActiveCfg = Debug|Any CPU
		{BF4AF4CA-35D0-4750-9B93-76D060996F33}.Debug|Any CPU.Build.0 = Debug|Any CPU
		{BF4AF4CA-35D0-4750-9B93-76D060996F33}.Release|Any CPU.ActiveCfg = Release|Any CPU
		{BF4AF4CA-35D0-4750-9B93-76D060996F33}.Release|Any CPU.Build.0 = Release|Any CPU
	EndGlobalSection
EndGlobal
